
Microsoft Visual Studio Solution File, Format Version 12.00
# Visual Studio Version 17
VisualStudioVersion = 17.9.34701.34
MinimumVisualStudioVersion = 10.0.40219.1
Project("{FAE04EC0-301F-11D3-BF4B-00C04F79EFBC}") = "BorderCreatorCL", "BorderCreatorCL\BorderCreatorCL.csproj", "{8126E7F6-6A0D-49D4-B293-D9BA2DE2B897}"
EndProject
Global
	GlobalSection(SolutionConfigurationPlatforms) = preSolution
		Debug|Any CPU = Debug|Any CPU
		Release|Any CPU = Release|Any CPU
	EndGlobalSection
	GlobalSection(ProjectConfigurationPlatforms) = postSolution
		{8126E7F6-6A0D-49D4-B293-D9BA2DE2B897}.Debug|Any CPU.ActiveCfg = Debug|Any CPU
		{8126E7F6-6A0D-49D4-B293-D9BA2DE2B897}.Debug|Any CPU.Build.0 = Debug|Any CPU
		{8126E7F6-6A0D-49D4-B293-D9BA2DE2B897}.Release|Any CPU.ActiveCfg = Release|Any CPU
		{8126E7F6-6A0D-49D4-B293-D9BA2DE2B897}.Release|Any CPU.Build.0 = Release|Any CPU
	EndGlobalSection
	GlobalSection(SolutionProperties) = preSolution
		HideSolutionNode = FALSE
	EndGlobalSection
	GlobalSection(ExtensibilityGlobals) = postSolution
		SolutionGuid = {95963FAF-6879-4C07-BC2F-9F8F8DCA4C87}
	EndGlobalSection
EndGlobal
